
Microsoft Visual Studio Solution File, Format Version 12.00
# Visual Studio Version 17
VisualStudioVersion = 17.9.34622.214
MinimumVisualStudioVersion = 10.0.40219.1
Project("{9A19103F-16F7-4668-BE54-9A1E7A4F7556}") = "Assignment3", "Assignment3\Assignment3.csproj", "{BF29926B-28C3-4538-8E6F-0A77E34116FB}"
EndProject
Project("{9A19103F-16F7-4668-BE54-9A1E7A4F7556}") = "Assignment3_Inheritance", "Assignment3_Inheritance\Assignment3_Inheritance.csproj", "{749ECA34-987C-4E8B-AE8A-D0EE239DB2C1}"
EndProject
Project("{9A19103F-16F7-4668-BE54-9A1E7A4F7556}") = "Assignment3_ErrorHandling", "Assignment3_ErrorHandling\Assignment3_ErrorHandling.csproj", "{67F7D387-6692-4C02-B8B9-BCA8773FA15A}"
EndProject
Global
	GlobalSection(SolutionConfigurationPlatforms) = preSolution
		Debug|Any CPU = Debug|Any CPU
		Release|Any CPU = Release|Any CPU
	EndGlobalSection
	GlobalSection(ProjectConfigurationPlatforms) = postSolution
		{BF29926B-28C3-4538-8E6F-0A77E34116FB}.Debug|Any CPU.ActiveCfg = Debug|Any CPU
		{BF29926B-28C3-4538-8E6F-0A77E34116FB}.Debug|Any CPU.Build.0 = Debug|Any CPU
		{BF29926B-28C3-4538-8E6F-0A77E34116FB}.Release|Any CPU.ActiveCfg = Release|Any CPU
		{BF29926B-28C3-4538-8E6F-0A77E34116FB}.Release|Any CPU.Build.0 = Release|Any CPU
		{749ECA34-987C-4E8B-AE8A-D0EE239DB2C1}.Debug|Any CPU.ActiveCfg = Debug|Any CPU
		{749ECA34-987C-4E8B-AE8A-D0EE239DB2C1}.Debug|Any CPU.Build.0 = Debug|Any CPU
		{749ECA34-987C-4E8B-AE8A-D0EE239DB2C1}.Release|Any CPU.ActiveCfg = Release|Any CPU
		{749ECA34-987C-4E8B-AE8A-D0EE239DB2C1}.Release|Any CPU.Build.0 = Release|Any CPU
		{67F7D387-6692-4C02-B8B9-BCA8773FA15A}.Debug|Any CPU.ActiveCfg = Debug|Any CPU
		{67F7D387-6692-4C02-B8B9-BCA8773FA15A}.Debug|Any CPU.Build.0 = Debug|Any CPU
		{67F7D387-6692-4C02-B8B9-BCA8773FA15A}.Release|Any CPU.ActiveCfg = Release|Any CPU
		{67F7D387-6692-4C02-B8B9-BCA8773FA15A}.Release|Any CPU.Build.0 = Release|Any CPU
	EndGlobalSection
	GlobalSection(SolutionProperties) = preSolution
		HideSolutionNode = FALSE
	EndGlobalSection
	GlobalSection(ExtensibilityGlobals) = postSolution
		SolutionGuid = {E956451F-63B6-422F-A016-B9583FD734E1}
	EndGlobalSection
EndGlobal
